{
  "name": "bridge",
  "version": "1.0.0",
  "lockfileVersion": 3,
  "requires": true,
  "packages": {
    "": {
      "name": "bridge",
      "version": "1.0.0",
      "license": "ISC",
      "dependencies": {
        "@vkontakte/vk-bridge": "^2.15.10"
      }
    },
    "node_modules/@vkontakte/vk-bridge": {
      "version": "2.15.10",
      "resolved": "https://registry.npmjs.org/@vkontakte/vk-bridge/-/vk-bridge-2.15.10.tgz",
      "integrity": "sha512-FA2ZYFIs4nrqthOo1SOBph/GuDakFWaQQ895kOvn918LgdDMwAsIRvvID4dH01bPbTdECfGDrWRW5A1djEcuOA=="
    }
  }
}
